
Microsoft Visual Studio Solution File, Format Version 12.00
# Visual Studio Version 17
VisualStudioVersion = 17.0.31903.59
MinimumVisualStudioVersion = 10.0.40219.1
Project("{FAE04EC0-301F-11D3-BF4B-00C04F79EFBC}") = "api", "api\api.csproj", "{625BF17E-8ACD-489A-AD7D-4256E98EAD6F}"
EndProject
Project("{FAE04EC0-301F-11D3-BF4B-00C04F79EFBC}") = "FrontEnd", "FrontEnd\FrontEnd.csproj", "{7C144CA7-2108-4641-8616-FF1CDBC770E8}"
EndProject
Project("{2150E333-8FDC-42A3-9474-1A3956D46DE8}") = "Services", "Services", "{4F307598-18DA-42B3-AFEC-A9A133A90357}"
EndProject
Project("{FAE04EC0-301F-11D3-BF4B-00C04F79EFBC}") = "ProductAPI", "Services\ProductAPI\ProductAPI.csproj", "{1BB94D8F-7CF9-42C4-A5DF-912660968FF3}"
EndProject
Global
	GlobalSection(SolutionConfigurationPlatforms) = preSolution
		Debug|Any CPU = Debug|Any CPU
		Release|Any CPU = Release|Any CPU
	EndGlobalSection
	GlobalSection(SolutionProperties) = preSolution
		HideSolutionNode = FALSE
	EndGlobalSection
	GlobalSection(ProjectConfigurationPlatforms) = postSolution
		{625BF17E-8ACD-489A-AD7D-4256E98EAD6F}.Debug|Any CPU.ActiveCfg = Debug|Any CPU
		{625BF17E-8ACD-489A-AD7D-4256E98EAD6F}.Debug|Any CPU.Build.0 = Debug|Any CPU
		{625BF17E-8ACD-489A-AD7D-4256E98EAD6F}.Release|Any CPU.ActiveCfg = Release|Any CPU
		{625BF17E-8ACD-489A-AD7D-4256E98EAD6F}.Release|Any CPU.Build.0 = Release|Any CPU
		{7C144CA7-2108-4641-8616-FF1CDBC770E8}.Debug|Any CPU.ActiveCfg = Debug|Any CPU
		{7C144CA7-2108-4641-8616-FF1CDBC770E8}.Debug|Any CPU.Build.0 = Debug|Any CPU
		{7C144CA7-2108-4641-8616-FF1CDBC770E8}.Release|Any CPU.ActiveCfg = Release|Any CPU
		{7C144CA7-2108-4641-8616-FF1CDBC770E8}.Release|Any CPU.Build.0 = Release|Any CPU
		{1BB94D8F-7CF9-42C4-A5DF-912660968FF3}.Debug|Any CPU.ActiveCfg = Debug|Any CPU
		{1BB94D8F-7CF9-42C4-A5DF-912660968FF3}.Debug|Any CPU.Build.0 = Debug|Any CPU
		{1BB94D8F-7CF9-42C4-A5DF-912660968FF3}.Release|Any CPU.ActiveCfg = Release|Any CPU
		{1BB94D8F-7CF9-42C4-A5DF-912660968FF3}.Release|Any CPU.Build.0 = Release|Any CPU
	EndGlobalSection
	GlobalSection(NestedProjects) = preSolution
		{1BB94D8F-7CF9-42C4-A5DF-912660968FF3} = {4F307598-18DA-42B3-AFEC-A9A133A90357}
	EndGlobalSection
EndGlobal
